
Microsoft Visual Studio Solution File, Format Version 12.00
# Visual Studio 15
VisualStudioVersion = 15.0.33026.149
MinimumVisualStudioVersion = 10.0.40219.1
Project("{FAE04EC0-301F-11D3-BF4B-00C04F79EFBC}") = "AssignColor", "AssignColor\AssignColor.csproj", "{FF942F22-F0B9-4395-BE55-6E47C0ADE643}"
EndProject
Global
	GlobalSection(SolutionConfigurationPlatforms) = preSolution
		Debug|Any CPU = Debug|Any CPU
		Release|Any CPU = Release|Any CPU
	EndGlobalSection
	GlobalSection(ProjectConfigurationPlatforms) = postSolution
		{FF942F22-F0B9-4395-BE55-6E47C0ADE643}.Debug|Any CPU.ActiveCfg = Debug|Any CPU
		{FF942F22-F0B9-4395-BE55-6E47C0ADE643}.Debug|Any CPU.Build.0 = Debug|Any CPU
		{FF942F22-F0B9-4395-BE55-6E47C0ADE643}.Release|Any CPU.ActiveCfg = Release|Any CPU
		{FF942F22-F0B9-4395-BE55-6E47C0ADE643}.Release|Any CPU.Build.0 = Release|Any CPU
	EndGlobalSection
	GlobalSection(SolutionProperties) = preSolution
		HideSolutionNode = FALSE
	EndGlobalSection
	GlobalSection(ExtensibilityGlobals) = postSolution
		SolutionGuid = {2F9D2EBC-CD18-4B4B-B5E7-6DB805C77ACF}
	EndGlobalSection
EndGlobal
